
Microsoft Visual Studio Solution File, Format Version 12.00
# Visual Studio Version 17
VisualStudioVersion = 17.14.36414.22
MinimumVisualStudioVersion = 10.0.40219.1
Project("{FAE04EC0-301F-11D3-BF4B-00C04F79EFBC}") = "FirstGame", "FirstGame\FirstGame.csproj", "{5AF5B899-B311-4BFF-87C1-4FCC85EC9375}"
EndProject
Project("{FAE04EC0-301F-11D3-BF4B-00C04F79EFBC}") = "MonoGameLibrary", "MonoGameLibrary\MonoGameLibrary.csproj", "{480BDBBB-7A4A-419A-9401-059213383057}"
EndProject
Global
	GlobalSection(SolutionConfigurationPlatforms) = preSolution
		Debug|Any CPU = Debug|Any CPU
		Release|Any CPU = Release|Any CPU
	EndGlobalSection
	GlobalSection(ProjectConfigurationPlatforms) = postSolution
		{5AF5B899-B311-4BFF-87C1-4FCC85EC9375}.Debug|Any CPU.ActiveCfg = Debug|Any CPU
		{5AF5B899-B311-4BFF-87C1-4FCC85EC9375}.Debug|Any CPU.Build.0 = Debug|Any CPU
		{5AF5B899-B311-4BFF-87C1-4FCC85EC9375}.Release|Any CPU.ActiveCfg = Debug|Any CPU
		{5AF5B899-B311-4BFF-87C1-4FCC85EC9375}.Release|Any CPU.Build.0 = Debug|Any CPU
		{480BDBBB-7A4A-419A-9401-059213383057}.Debug|Any CPU.ActiveCfg = Debug|Any CPU
		{480BDBBB-7A4A-419A-9401-059213383057}.Debug|Any CPU.Build.0 = Debug|Any CPU
		{480BDBBB-7A4A-419A-9401-059213383057}.Release|Any CPU.ActiveCfg = Debug|Any CPU
		{480BDBBB-7A4A-419A-9401-059213383057}.Release|Any CPU.Build.0 = Debug|Any CPU
	EndGlobalSection
	GlobalSection(SolutionProperties) = preSolution
		HideSolutionNode = FALSE
	EndGlobalSection
	GlobalSection(ExtensibilityGlobals) = postSolution
		SolutionGuid = {D41D06C2-7547-4582-8DD1-06D566E98056}
	EndGlobalSection
EndGlobal
